
Microsoft Visual Studio Solution File, Format Version 11.00
# Visual Studio 2010
Project("{E24C65DC-7377-472B-9ABA-BC803B73C61A}") = "webgame", ".", "{02E7EBB5-C0D7-4E0B-B283-BE9D4C433D54}"
	ProjectSection(WebsiteProperties) = preProject
		TargetFrameworkMoniker = ".NETFramework,Version%3Dv4.0"
		Debug.AspNetCompiler.VirtualPath = "/WebGame"
		Debug.AspNetCompiler.PhysicalPath = "D:\ITEC\WebGame\"
		Debug.AspNetCompiler.TargetPath = "PrecompiledWeb\WebGame\"
		Debug.AspNetCompiler.Updateable = "true"
		Debug.AspNetCompiler.ForceOverwrite = "true"
		Debug.AspNetCompiler.FixedNames = "false"
		Debug.AspNetCompiler.Debug = "True"
		Release.AspNetCompiler.VirtualPath = "/WebGame"
		Release.AspNetCompiler.PhysicalPath = "D:\ITEC\WebGame\"
		Release.AspNetCompiler.TargetPath = "PrecompiledWeb\WebGame\"
		Release.AspNetCompiler.Updateable = "true"
		Release.AspNetCompiler.ForceOverwrite = "true"
		Release.AspNetCompiler.FixedNames = "false"
		Release.AspNetCompiler.Debug = "False"
		VWDPort = "4391"
	EndProjectSection
EndProject
Global
	GlobalSection(SolutionConfigurationPlatforms) = preSolution
		Debug|Any CPU = Debug|Any CPU
	EndGlobalSection
	GlobalSection(ProjectConfigurationPlatforms) = postSolution
		{02E7EBB5-C0D7-4E0B-B283-BE9D4C433D54}.Debug|Any CPU.ActiveCfg = Debug|Any CPU
		{02E7EBB5-C0D7-4E0B-B283-BE9D4C433D54}.Debug|Any CPU.Build.0 = Debug|Any CPU
	EndGlobalSection
	GlobalSection(SolutionProperties) = preSolution
		HideSolutionNode = FALSE
	EndGlobalSection
EndGlobal
